{
  "name": "Flight_Price_Tracker",
  "lockfileVersion": 2,
  "requires": true,
  "packages": {
    "": {
      "dependencies": {
        "mobiscroll": "*"
      }
    },
    "node_modules/jquery": {
      "version": "3.6.0",
      "resolved": "https://registry.npmjs.org/jquery/-/jquery-3.6.0.tgz",
      "integrity": "sha512-JVzAR/AjBvVt2BmYhxRCSYysDsPcssdmTFnzyLEts9qNwmjmu4JTAMYubEfwVOSwpQ1I1sKKFcxhZCI2buerfw=="
    },
    "node_modules/mobiscroll": {
      "version": "3.0.0-beta6",
      "resolved": "https://registry.npmjs.org/mobiscroll/-/mobiscroll-3.0.0-beta6.tgz",
      "integrity": "sha1-igkKzyPfG5d8Ci9pOseCOl2nIYI=",
      "dependencies": {
        "jquery": ">=1.7"
      }
    }
  },
  "dependencies": {
    "jquery": {
      "version": "3.6.0",
      "resolved": "https://registry.npmjs.org/jquery/-/jquery-3.6.0.tgz",
      "integrity": "sha512-JVzAR/AjBvVt2BmYhxRCSYysDsPcssdmTFnzyLEts9qNwmjmu4JTAMYubEfwVOSwpQ1I1sKKFcxhZCI2buerfw=="
    },
    "mobiscroll": {
      "version": "3.0.0-beta6",
      "resolved": "https://registry.npmjs.org/mobiscroll/-/mobiscroll-3.0.0-beta6.tgz",
      "integrity": "sha1-igkKzyPfG5d8Ci9pOseCOl2nIYI=",
      "requires": {
        "jquery": ">=1.7"
      }
    }
  }
}
